PODS:
  - IQKeyboardManagerSwift (6.5.2)
  - SwiftKeychainWrapper (3.4.0)
  - SwiftValidator (4.0.0)
  - TinyConstraints (4.0.1)

DEPENDENCIES:
  - IQKeyboardManagerSwift
  - SwiftKeychainWrapper
  - SwiftValidator (from `https://github.com/jpotts18/SwiftValidator.git`, tag `4.2.0`)
  - TinyConstraints

SPEC REPOS:
  trunk:
    - IQKeyboardManagerSwift
    - SwiftKeychainWrapper
    - TinyConstraints

EXTERNAL SOURCES:
  SwiftValidator:
    :git: https://github.com/jpotts18/SwiftValidator.git
    :tag: 4.2.0

CHECKOUT OPTIONS:
  SwiftValidator:
    :git: https://github.com/jpotts18/SwiftValidator.git
    :tag: 4.2.0

SPEC CHECKSUMS:
  IQKeyboardManagerSwift: c75366f1f19590e8caeae45fcd5815c9289d6099
  SwiftKeychainWrapper: 6fc49fbf7d4a6b0772917acb0e53a1639f6078d6
  SwiftValidator: 249b6b3ae3b294266c5b9de134d94f18f2d5aa47
  TinyConstraints: 8dd91295e56797648c7bc335dd20e1d91ec4c192

PODFILE CHECKSUM: 8e2fd172f888aa26363cdecab0a41674c0adf3e9

COCOAPODS: 1.9.0
